
Microsoft Visual Studio Solution File, Format Version 12.00
# Visual Studio Version 16
VisualStudioVersion = 16.0.30114.105
MinimumVisualStudioVersion = 10.0.40219.1
Project("{FAE04EC0-301F-11D3-BF4B-00C04F79EFBC}") = "PrimeSimulateur", "PrimeSimulateur\PrimeSimulateur.csproj", "{469C4126-9C43-497E-A783-E1F5CF9E47C6}"
EndProject
Global
	GlobalSection(SolutionConfigurationPlatforms) = preSolution
		Debug|Any CPU = Debug|Any CPU
		Release|Any CPU = Release|Any CPU
	EndGlobalSection
	GlobalSection(ProjectConfigurationPlatforms) = postSolution
		{469C4126-9C43-497E-A783-E1F5CF9E47C6}.Debug|Any CPU.ActiveCfg = Debug|Any CPU
		{469C4126-9C43-497E-A783-E1F5CF9E47C6}.Debug|Any CPU.Build.0 = Debug|Any CPU
		{469C4126-9C43-497E-A783-E1F5CF9E47C6}.Release|Any CPU.ActiveCfg = Release|Any CPU
		{469C4126-9C43-497E-A783-E1F5CF9E47C6}.Release|Any CPU.Build.0 = Release|Any CPU
	EndGlobalSection
	GlobalSection(SolutionProperties) = preSolution
		HideSolutionNode = FALSE
	EndGlobalSection
	GlobalSection(ExtensibilityGlobals) = postSolution
		SolutionGuid = {042AFB82-1816-409F-BE41-A932411BBD9B}
	EndGlobalSection
EndGlobal
